<?xml version="1.0" encoding="utf-8"?>
<Project ToolsVersion="4.0" xmlns="http://schemas.microsoft.com/developer/msbuild/2003">
  <ItemGroup>
    <Filter Include="App">
      <UniqueIdentifier>{8ae3dfde-c3e0-4ff5-afd0-aa775c936f2d}</UniqueIdentifier>
    </Filter>
    <Filter Include="GameEngine">
      <UniqueIdentifier>{13ff4fe8-dac4-412d-96fa-eeb3daf83e30}</UniqueIdentifier>
    </Filter>
    <Filter Include="GameEngine\WindowSystem">
      <UniqueIdentifier>{5dfaf991-05c8-4664-b5cb-0441c9d487a9}</UniqueIdentifier>
    </Filter>
    <Filter Include="GameEngine\GraphicsEngine">
      <UniqueIdentifier>{faf520f9-8feb-40f6-b17c-bf5863d87c6c}</UniqueIdentifier>
    </Filter>
    <Filter Include="GameEngine\GraphicsEngine\SwapChain">
      <UniqueIdentifier>{98a29dd3-d5de-4b33-a735-8fd02c3c8966}</UniqueIdentifier>
    </Filter>
    <Filter Include="GameEngine\GraphicsEngine\DeviceContext">
      <UniqueIdentifier>{bfb1ad36-689c-47e8-b5aa-d20f0b4c21c7}</UniqueIdentifier>
    </Filter>
    <Filter Include="GameEngine\GraphicsEngine\VertexBuffer">
      <UniqueIdentifier>{fb31653c-0727-49a1-b321-a29e664cec32}</UniqueIdentifier>
    </Filter>
  </ItemGroup>
  <ItemGroup>
    <ClCompile Include="main.cpp">
      <Filter>App</Filter>
    </ClCompile>
    <ClCompile Include="AppWindow.cpp">
      <Filter>App</Filter>
    </ClCompile>
    <ClCompile Include="Window.cpp">
      <Filter>GameEngine\WindowSystem</Filter>
    </ClCompile>
    <ClCompile Include="GraphicsEngine.cpp">
      <Filter>GameEngine\GraphicsEngine</Filter>
    </ClCompile>
    <ClCompile Include="SwapChain.cpp">
      <Filter>GameEngine\GraphicsEngine\SwapChain</Filter>
    </ClCompile>
    <ClCompile Include="DeviceContext.cpp">
      <Filter>GameEngine\GraphicsEngine\DeviceContext</Filter>
    </ClCompile>
    <ClCompile Include="VertexBuffer.cpp">
      <Filter>GameEngine\GraphicsEngine\VertexBuffer</Filter>
    </ClCompile>
  </ItemGroup>
  <ItemGroup>
    <ClInclude Include="AppWindow.h">
      <Filter>App</Filter>
    </ClInclude>
    <ClInclude Include="Window.h">
      <Filter>GameEngine\WindowSystem</Filter>
    </ClInclude>
    <ClInclude Include="GraphicsEngine.h">
      <Filter>GameEngine\GraphicsEngine</Filter>
    </ClInclude>
    <ClInclude Include="SwapChain.h">
      <Filter>GameEngine\GraphicsEngine\SwapChain</Filter>
    </ClInclude>
    <ClInclude Include="DeviceContext.h">
      <Filter>GameEngine\GraphicsEngine\DeviceContext</Filter>
    </ClInclude>
    <ClInclude Include="VertexBuffer.h">
      <Filter>GameEngine\GraphicsEngine\VertexBuffer</Filter>
    </ClInclude>
  </ItemGroup>
</Project>